// !$*UTF8*$!
{
	archiveVersion = 1;
	classes = {
	};
	objectVersion = 46;
	objects = {

/* Begin PBXBuildFile section */
		0C0699231EE4862600AF3B11 /* AppDelegate.swift in Sources */ = {isa = PBXBuildFile; fileRef = 0C0699221EE4862600AF3B11 /* AppDelegate.swift */; };
		0C0699251EE4862600AF3B11 /* ViewController.swift in Sources */ = {isa = PBXBuildFile; fileRef = 0C0699241EE4862600AF3B11 /* ViewController.swift */; };
		0C0699281EE4862600AF3B11 /* Main.storyboard in Resources */ = {isa = PBXBuildFile; fileRef = 0C0699261EE4862600AF3B11 /* Main.storyboard */; };
		0C06992A1EE4862600AF3B11 /* Assets.xcassets in Resources */ = {isa = PBXBuildFile; fileRef = 0C0699291EE4862600AF3B11 /* Assets.xcassets */; };
		0C06992D1EE4862600AF3B11 /* LaunchScreen.storyboard in Resources */ = {isa = PBXBuildFile; fileRef = 0C06992B1EE4862600AF3B11 /* LaunchScreen.storyboard */; };
		0C0699381EE4862600AF3B11 /* Truth_or_DareTests.swift in Sources */ = {isa = PBXBuildFile; fileRef = 0C0699371EE4862600AF3B11 /* Truth_or_DareTests.swift */; };
		0C0699431EE4862600AF3B11 /* Truth_or_DareUITests.swift in Sources */ = {isa = PBXBuildFile; fileRef = 0C0699421EE4862600AF3B11 /* Truth_or_DareUITests.swift */; };
/* End PBXBuildFile section */

/* Begin PBXContainerItemProxy section */
		0C0699341EE4862600AF3B11 /* PBXContainerItemProxy */ = {
			isa = PBXContainerItemProxy;
			containerPortal = 0C0699171EE4862500AF3B11 /* Project object */;
			proxyType = 1;
			remoteGlobalIDString = 0C06991E1EE4862500AF3B11;
			remoteInfo = "Truth or Dare";
		};
		0C06993F1EE4862600AF3B11 /* PBXContainerItemProxy */ = {
			isa = PBXContainerItemProxy;
			containerPortal = 0C0699171EE4862500AF3B11 /* Project object */;
			proxyType = 1;
			remoteGlobalIDString = 0C06991E1EE4862500AF3B11;
			remoteInfo = "Truth or Dare";
		};
/* End PBXContainerItemProxy section */

/* Begin PBXFileReference section */
		0C06991F1EE4862500AF3B11 /* Truth or Dare.app */ = {isa = PBXFileReference; explicitFileType = wrapper.application; includeInIndex = 0; path = "Truth or Dare.app"; sourceTree = BUILT_PRODUCTS_DIR; };
		0C0699221EE4862600AF3B11 /* AppDelegate.swift */ = {isa = PBXFileReference; lastKnownFileType = sourcecode.swift; path = AppDelegate.swift; sourceTree = "<group>"; };
		0C0699241EE4862600AF3B11 /* ViewController.swift */ = {isa = PBXFileReference; lastKnownFileType = sourcecode.swift; path = ViewController.swift; sourceTree = "<group>"; };
		0C0699271EE4862600AF3B11 /* Base */ = {isa = PBXFileReference; lastKnownFileType = file.storyboard; name = Base; path = Base.lproj/Main.storyboard; sourceTree = "<group>"; };
		0C0699291EE4862600AF3B11 /* Assets.xcassets */ = {isa = PBXFileReference; lastKnownFileType = folder.assetcatalog; path = Assets.xcassets; sourceTree = "<group>"; };
		0C06992C1EE4862600AF3B11 /* Base */ = {isa = PBXFileReference; lastKnownFileType = file.storyboard; name = Base; path = Base.lproj/LaunchScreen.storyboard; sourceTree = "<group>"; };
		0C06992E1EE4862600AF3B11 /* Info.plist */ = {isa = PBXFileReference; lastKnownFileType = text.plist.xml; path = Info.plist; sourceTree = "<group>"; };
		0C0699331EE4862600AF3B11 /* Truth or DareTests.xctest */ = {isa = PBXFileReference; explicitFileType = wrapper.cfbundle; includeInIndex = 0; path = "Truth or DareTests.xctest"; sourceTree = BUILT_PRODUCTS_DIR; };
		0C0699371EE4862600AF3B11 /* Truth_or_DareTests.swift */ = {isa = PBXFileReference; lastKnownFileType = sourcecode.swift; path = Truth_or_DareTests.swift; sourceTree = "<group>"; };
		0C0699391EE4862600AF3B11 /* Info.plist */ = {isa = PBXFileReference; lastKnownFileType = text.plist.xml; path = Info.plist; sourceTree = "<group>"; };
		0C06993E1EE4862600AF3B11 /* Truth or DareUITests.xctest */ = {isa = PBXFileReference; explicitFileType = wrapper.cfbundle; includeInIndex = 0; path = "Truth or DareUITests.xctest"; sourceTree = BUILT_PRODUCTS_DIR; };
		0C0699421EE4862600AF3B11 /* Truth_or_DareUITests.swift */ = {isa = PBXFileReference; lastKnownFileType = sourcecode.swift; path = Truth_or_DareUITests.swift; sourceTree = "<group>"; };
		0C0699441EE4862600AF3B11 /* Info.plist */ = {isa = PBXFileReference; lastKnownFileType = text.plist.xml; path = Info.plist; sourceTree = "<group>"; };
/* End PBXFileReference section */

/* Begin PBXFrameworksBuildPhase section */
		0C06991C1EE4862500AF3B11 /* Frameworks */ = {
			isa = PBXFrameworksBuildPhase;
			buildActionMask = 2147483647;
			files = (
			);
			runOnlyForDeploymentPostprocessing = 0;
		};
		0C0699301EE4862600AF3B11 /* Frameworks */ = {
			isa = PBXFrameworksBuildPhase;
			buildActionMask = 2147483647;
			files = (
			);
			runOnlyForDeploymentPostprocessing = 0;
		};
		0C06993B1EE4862600AF3B11 /* Frameworks */ = {
			isa = PBXFrameworksBuildPhase;
			buildActionMask = 2147483647;
			files = (
			);
			runOnlyForDeploymentPostprocessing = 0;
		};
/* End PBXFrameworksBuildPhase section */

/* Begin PBXGroup section */
		0C0699161EE4862500AF3B11 = {
			isa = PBXGroup;
			children = (
				0C0699211EE4862500AF3B11 /* Truth or Dare */,
				0C0699361EE4862600AF3B11 /* Truth or DareTests */,
				0C0699411EE4862600AF3B11 /* Truth or DareUITests */,
				0C0699201EE4862500AF3B11 /* Products */,
			);
			sourceTree = "<group>";
		};
		0C0699201EE4862500AF3B11 /* Products */ = {
			isa = PBXGroup;
			children = (
				0C06991F1EE4862500AF3B11 /* Truth or Dare.app */,
				0C0699331EE4862600AF3B11 /* Truth or DareTests.xctest */,
				0C06993E1EE4862600AF3B11 /* Truth or DareUITests.xctest */,
			);
			name = Products;
			sourceTree = "<group>";
		};
		0C0699211EE4862500AF3B11 /* Truth or Dare */ = {
			isa = PBXGroup;
			children = (
				0C0699221EE4862600AF3B11 /* AppDelegate.swift */,
				0C0699241EE4862600AF3B11 /* ViewController.swift */,
				0C0699261EE4862600AF3B11 /* Main.storyboard */,
				0C0699291EE4862600AF3B11 /* Assets.xcassets */,
				0C06992B1EE4862600AF3B11 /* LaunchScreen.storyboard */,
				0C06992E1EE4862600AF3B11 /* Info.plist */,
			);
			path = "Truth or Dare";
			sourceTree = "<group>";
		};
		0C0699361EE4862600AF3B11 /* Truth or DareTests */ = {
			isa = PBXGroup;
			children = (
				0C0699371EE4862600AF3B11 /* Truth_or_DareTests.swift */,
				0C0699391EE4862600AF3B11 /* Info.plist */,
			);
			path = "Truth or DareTests";
			sourceTree = "<group>";
		};
		0C0699411EE4862600AF3B11 /* Truth or DareUITests */ = {
			isa = PBXGroup;
			children = (
				0C0699421EE4862600AF3B11 /* Truth_or_DareUITests.swift */,
				0C0699441EE4862600AF3B11 /* Info.plist */,
			);
			path = "Truth or DareUITests";
			sourceTree = "<group>";
		};
/* End PBXGroup section */

/* Begin PBXNativeTarget section */
		0C06991E1EE4862500AF3B11 /* Truth or Dare */ = {
			isa = PBXNativeTarget;
			buildConfigurationList = 0C0699471EE4862600AF3B11 /* Build configuration list for PBXNativeTarget "Truth or Dare" */;
			buildPhases = (
				0C06991B1EE4862500AF3B11 /* Sources */,
				0C06991C1EE4862500AF3B11 /* Frameworks */,
				0C06991D1EE4862500AF3B11 /* Resources */,
			);
			buildRules = (
			);
			dependencies = (
			);
			name = "Truth or Dare";
			productName = "Truth or Dare";
			productReference = 0C06991F1EE4862500AF3B11 /* Truth or Dare.app */;
			productType = "com.apple.product-type.application";
		};
		0C0699321EE4862600AF3B11 /* Truth or DareTests */ = {
			isa = PBXNativeTarget;
			buildConfigurationList = 0C06994A1EE4862600AF3B11 /* Build configuration list for PBXNativeTarget "Truth or DareTests" */;
			buildPhases = (
				0C06992F1EE4862600AF3B11 /* Sources */,
				0C0699301EE4862600AF3B11 /* Frameworks */,
				0C0699311EE4862600AF3B11 /* Resources */,
			);
			buildRules = (
			);
			dependencies = (
				0C0699351EE4862600AF3B11 /* PBXTargetDependency */,
			);
			name = "Truth or DareTests";
			productName = "Truth or DareTests";
			productReference = 0C0699331EE4862600AF3B11 /* Truth or DareTests.xctest */;
			productType = "com.apple.product-type.bundle.unit-test";
		};
		0C06993D1EE4862600AF3B11 /* Truth or DareUITests */ = {
			isa = PBXNativeTarget;
			buildConfigurationList = 0C06994D1EE4862600AF3B11 /* Build configuration list for PBXNativeTarget "Truth or DareUITests" */;
			buildPhases = (
				0C06993A1EE4862600AF3B11 /* Sources */,
				0C06993B1EE4862600AF3B11 /* Frameworks */,
				0C06993C1EE4862600AF3B11 /* Resources */,
			);
			buildRules = (
			);
			dependencies = (
				0C0699401EE4862600AF3B11 /* PBXTargetDependency */,
			);
			name = "Truth or DareUITests";
			productName = "Truth or DareUITests";
			productReference = 0C06993E1EE4862600AF3B11 /* Truth or DareUITests.xctest */;
			productType = "com.apple.product-type.bundle.ui-testing";
		};
/* End PBXNativeTarget section */

/* Begin PBXProject section */
		0C0699171EE4862500AF3B11 /* Project object */ = {
			isa = PBXProject;
			attributes = {
				LastSwiftUpdateCheck = 0830;
				LastUpgradeCheck = 0830;
				ORGANIZATIONNAME = "Two Cliffs Games";
				TargetAttributes = {
					0C06991E1EE4862500AF3B11 = {
						CreatedOnToolsVersion = 8.3.2;
						DevelopmentTeam = 62852B3Q95;
						ProvisioningStyle = Automatic;
					};
					0C0699321EE4862600AF3B11 = {
						CreatedOnToolsVersion = 8.3.2;
						DevelopmentTeam = 62852B3Q95;
						ProvisioningStyle = Automatic;
						TestTargetID = 0C06991E1EE4862500AF3B11;
					};
					0C06993D1EE4862600AF3B11 = {
						CreatedOnToolsVersion = 8.3.2;
						DevelopmentTeam = 62852B3Q95;
						ProvisioningStyle = Automatic;
						TestTargetID = 0C06991E1EE4862500AF3B11;
					};
				};
			};
			buildConfigurationList = 0C06991A1EE4862500AF3B11 /* Build configuration list for PBXProject "Truth or Dare" */;
			compatibilityVersion = "Xcode 3.2";
			developmentRegion = English;
			hasScannedForEncodings = 0;
			knownRegions = (
				en,
				Base,
			);
			mainGroup = 0C0699161EE4862500AF3B11;
			productRefGroup = 0C0699201EE4862500AF3B11 /* Products */;
			projectDirPath = "";
			projectRoot = "";
			targets = (
				0C06991E1EE4862500AF3B11 /* Truth or Dare */,
				0C0699321EE4862600AF3B11 /* Truth or DareTests */,
				0C06993D1EE4862600AF3B11 /* Truth or DareUITests */,
			);
		};
/* End PBXProject section */

/* Begin PBXResourcesBuildPhase section */
		0C06991D1EE4862500AF3B11 /* Resources */ = {
			isa = PBXResourcesBuildPhase;
			buildActionMask = 2147483647;
			files = (
				0C06992D1EE4862600AF3B11 /* LaunchScreen.storyboard in Resources */,
				0C06992A1EE4862600AF3B11 /* Assets.xcassets in Resources */,
				0C0699281EE4862600AF3B11 /* Main.storyboard in Resources */,
			);
			runOnlyForDeploymentPostprocessing = 0;
		};
		0C0699311EE4862600AF3B11 /* Resources */ = {
			isa = PBXResourcesBuildPhase;
			buildActionMask = 2147483647;
			files = (
			);
			runOnlyForDeploymentPostprocessing = 0;
		};
		0C06993C1EE4862600AF3B11 /* Resources */ = {
			isa = PBXResourcesBuildPhase;
			buildActionMask = 2147483647;
			files = (
			);
			runOnlyForDeploymentPostprocessing = 0;
		};
/* End PBXResourcesBuildPhase section */

/* Begin PBXSourcesBuildPhase section */
		0C06991B1EE4862500AF3B11 /* Sources */ = {
			isa = PBXSourcesBuildPhase;
			buildActionMask = 2147483647;
			files = (
				0C0699251EE4862600AF3B11 /* ViewController.swift in Sources */,
				0C0699231EE4862600AF3B11 /* AppDelegate.swift in Sources */,
			);
			runOnlyForDeploymentPostprocessing = 0;
		};
		0C06992F1EE4862600AF3B11 /* Sources */ = {
			isa = PBXSourcesBuildPhase;
			buildActionMask = 2147483647;
			files = (
				0C0699381EE4862600AF3B11 /* Truth_or_DareTests.swift in Sources */,
			);
			runOnlyForDeploymentPostprocessing = 0;
		};
		0C06993A1EE4862600AF3B11 /* Sources */ = {
			isa = PBXSourcesBuildPhase;
			buildActionMask = 2147483647;
			files = (
				0C0699431EE4862600AF3B11 /* Truth_or_DareUITests.swift in Sources */,
			);
			runOnlyForDeploymentPostprocessing = 0;
		};
/* End PBXSourcesBuildPhase section */

/* Begin PBXTargetDependency section */
		0C0699351EE4862600AF3B11 /* PBXTargetDependency */ = {
			isa = PBXTargetDependency;
			target = 0C06991E1EE4862500AF3B11 /* Truth or Dare */;
			targetProxy = 0C0699341EE4862600AF3B11 /* PBXContainerItemProxy */;
		};
		0C0699401EE4862600AF3B11 /* PBXTargetDependency */ = {
			isa = PBXTargetDependency;
			target = 0C06991E1EE4862500AF3B11 /* Truth or Dare */;
			targetProxy = 0C06993F1EE4862600AF3B11 /* PBXContainerItemProxy */;
		};
/* End PBXTargetDependency section */

/* Begin PBXVariantGroup section */
		0C0699261EE4862600AF3B11 /* Main.storyboard */ = {
			isa = PBXVariantGroup;
			children = (
				0C0699271EE4862600AF3B11 /* Base */,
			);
			name = Main.storyboard;
			sourceTree = "<group>";
		};
		0C06992B1EE4862600AF3B11 /* LaunchScreen.storyboard */ = {
			isa = PBXVariantGroup;
			children = (
				0C06992C1EE4862600AF3B11 /* Base */,
			);
			name = LaunchScreen.storyboard;
			sourceTree = "<group>";
		};
/* End PBXVariantGroup section */

/* Begin XCBuildConfiguration section */
		0C0699451EE4862600AF3B11 /* Debug */ = {
			isa = XCBuildConfiguration;
			buildSettings = {
				ALWAYS_SEARCH_USER_PATHS = NO;
				CLANG_ANALYZER_NONNULL = YES;
				CLANG_ANALYZER_NUMBER_OBJECT_CONVERSION = YES_AGGRESSIVE;
				CLANG_CXX_LANGUAGE_STANDARD = "gnu++0x";
				CLANG_CXX_LIBRARY = "libc++";
				CLANG_ENABLE_MODULES = YES;
				CLANG_ENABLE_OBJC_ARC = YES;
				CLANG_WARN_BOOL_CONVERSION = YES;
				CLANG_WARN_CONSTANT_CONVERSION = YES;
				CLANG_WARN_DIRECT_OBJC_ISA_USAGE = YES_ERROR;
				CLANG_WARN_DOCUMENTATION_COMMENTS = YES;
				CLANG_WARN_EMPTY_BODY = YES;
				CLANG_WARN_ENUM_CONVERSION = YES;
				CLANG_WARN_INFINITE_RECURSION = YES;
				CLANG_WARN_INT_CONVERSION = YES;
				CLANG_WARN_OBJC_ROOT_CLASS = YES_ERROR;
				CLANG_WARN_SUSPICIOUS_MOVE = YES;
				CLANG_WARN_UNREACHABLE_CODE = YES;
				CLANG_WARN__DUPLICATE_METHOD_MATCH = YES;
				"CODE_SIGN_IDENTITY[sdk=iphoneos*]" = "iPhone Developer";
				COPY_PHASE_STRIP = NO;
				DEBUG_INFORMATION_FORMAT = dwarf;
				ENABLE_STRICT_OBJC_MSGSEND = YES;
				ENABLE_TESTABILITY = YES;
				GCC_C_LANGUAGE_STANDARD = gnu99;
				GCC_DYNAMIC_NO_PIC = NO;
				GCC_NO_COMMON_BLOCKS = YES;
				GCC_OPTIMIZATION_LEVEL = 0;
				GCC_PREPROCESSOR_DEFINITIONS = (
					"DEBUG=1",
					"$(inherited)",
				);
				GCC_WARN_64_TO_32_BIT_CONVERSION = YES;
				GCC_WARN_ABOUT_RETURN_TYPE = YES_ERROR;
				GCC_WARN_UNDECLARED_SELECTOR = YES;
				GCC_WARN_UNINITIALIZED_AUTOS = YES_AGGRESSIVE;
				GCC_WARN_UNUSED_FUNCTION = YES;
				GCC_WARN_UNUSED_VARIABLE = YES;
				IPHONEOS_DEPLOYMENT_TARGET = 10.3;
				MTL_ENABLE_DEBUG_INFO = YES;
				ONLY_ACTIVE_ARCH = YES;
				SDKROOT = iphoneos;
				SWIFT_ACTIVE_COMPILATION_CONDITIONS = DEBUG;
				SWIFT_OPTIMIZATION_LEVEL = "-Onone";
			};
			name = Debug;
		};
		0C0699461EE4862600AF3B11 /* Release */ = {
			isa = XCBuildConfiguration;
			buildSettings = {
				ALWAYS_SEARCH_USER_PATHS = NO;
				CLANG_ANALYZER_NONNULL = YES;
				CLANG_ANALYZER_NUMBER_OBJECT_CONVERSION = YES_AGGRESSIVE;
				CLANG_CXX_LANGUAGE_STANDARD = "gnu++0x";
				CLANG_CXX_LIBRARY = "libc++";
				CLANG_ENABLE_MODULES = YES;
				CLANG_ENABLE_OBJC_ARC = YES;
				CLANG_WARN_BOOL_CONVERSION = YES;
				CLANG_WARN_CONSTANT_CONVERSION = YES;
				CLANG_WARN_DIRECT_OBJC_ISA_USAGE = YES_ERROR;
				CLANG_WARN_DOCUMENTATION_COMMENTS = YES;
				CLANG_WARN_EMPTY_BODY = YES;
				CLANG_WARN_ENUM_CONVERSION = YES;
				CLANG_WARN_INFINITE_RECURSION = YES;
				CLANG_WARN_INT_CONVERSION = YES;
				CLANG_WARN_OBJC_ROOT_CLASS = YES_ERROR;
				CLANG_WARN_SUSPICIOUS_MOVE = YES;
				CLANG_WARN_UNREACHABLE_CODE = YES;
				CLANG_WARN__DUPLICATE_METHOD_MATCH = YES;
				"CODE_SIGN_IDENTITY[sdk=iphoneos*]" = "iPhone Developer";
				COPY_PHASE_STRIP = NO;
				DEBUG_INFORMATION_FORMAT = "dwarf-with-dsym";
				ENABLE_NS_ASSERTIONS = NO;
				ENABLE_STRICT_OBJC_MSGSEND = YES;
				GCC_C_LANGUAGE_STANDARD = gnu99;
				GCC_NO_COMMON_BLOCKS = YES;
				GCC_WARN_64_TO_32_BIT_CONVERSION = YES;
				GCC_WARN_ABOUT_RETURN_TYPE = YES_ERROR;
				GCC_WARN_UNDECLARED_SELECTOR = YES;
				GCC_WARN_UNINITIALIZED_AUTOS = YES_AGGRESSIVE;
				GCC_WARN_UNUSED_FUNCTION = YES;
				GCC_WARN_UNUSED_VARIABLE = YES;
				IPHONEOS_DEPLOYMENT_TARGET = 10.3;
				MTL_ENABLE_DEBUG_INFO = NO;
				SDKROOT = iphoneos;
				SWIFT_OPTIMIZATION_LEVEL = "-Owholemodule";
				VALIDATE_PRODUCT = YES;
			};
			name = Release;
		};
		0C0699481EE4862600AF3B11 /* Debug */ = {
			isa = XCBuildConfiguration;
			buildSettings = {
				ASSETCATALOG_COMPILER_APPICON_NAME = AppIcon;
				ASSETCATALOG_COMPILER_LAUNCHIMAGE_NAME = "LaunchImage-2";
				DEVELOPMENT_TEAM = 62852B3Q95;
				INFOPLIST_FILE = "Truth or Dare/Info.plist";
				LD_RUNPATH_SEARCH_PATHS = "$(inherited) @executable_path/Frameworks";
				PRODUCT_BUNDLE_IDENTIFIER = "tcgames.Truth-or-Dare";
				PRODUCT_NAME = "$(TARGET_NAME)";
				SWIFT_VERSION = 3.0;
			};
			name = Debug;
		};
		0C0699491EE4862600AF3B11 /* Release */ = {
			isa = XCBuildConfiguration;
			buildSettings = {
				ASSETCATALOG_COMPILER_APPICON_NAME = AppIcon;
				ASSETCATALOG_COMPILER_LAUNCHIMAGE_NAME = "LaunchImage-2";
				DEVELOPMENT_TEAM = 62852B3Q95;
				INFOPLIST_FILE = "Truth or Dare/Info.plist";
				LD_RUNPATH_SEARCH_PATHS = "$(inherited) @executable_path/Frameworks";
				PRODUCT_BUNDLE_IDENTIFIER = "tcgames.Truth-or-Dare";
				PRODUCT_NAME = "$(TARGET_NAME)";
				SWIFT_VERSION = 3.0;
			};
			name = Release;
		};
		0C06994B1EE4862600AF3B11 /* Debug */ = {
			isa = XCBuildConfiguration;
			buildSettings = {
				ALWAYS_EMBED_SWIFT_STANDARD_LIBRARIES = YES;
				BUNDLE_LOADER = "$(TEST_HOST)";
				DEVELOPMENT_TEAM = 62852B3Q95;
				INFOPLIST_FILE = "Truth or DareTests/Info.plist";
				LD_RUNPATH_SEARCH_PATHS = "$(inherited) @executable_path/Frameworks @loader_path/Frameworks";
				PRODUCT_BUNDLE_IDENTIFIER = "tcgames.Truth-or-DareTests";
				PRODUCT_NAME = "$(TARGET_NAME)";
				SWIFT_VERSION = 3.0;
				TEST_HOST = "$(BUILT_PRODUCTS_DIR)/Truth or Dare.app/Truth or Dare";
			};
			name = Debug;
		};
		0C06994C1EE4862600AF3B11 /* Release */ = {
			isa = XCBuildConfiguration;
			buildSettings = {
				ALWAYS_EMBED_SWIFT_STANDARD_LIBRARIES = YES;
				BUNDLE_LOADER = "$(TEST_HOST)";
				DEVELOPMENT_TEAM = 62852B3Q95;
				INFOPLIST_FILE = "Truth or DareTests/Info.plist";
				LD_RUNPATH_SEARCH_PATHS = "$(inherited) @executable_path/Frameworks @loader_path/Frameworks";
				PRODUCT_BUNDLE_IDENTIFIER = "tcgames.Truth-or-DareTests";
				PRODUCT_NAME = "$(TARGET_NAME)";
				SWIFT_VERSION = 3.0;
				TEST_HOST = "$(BUILT_PRODUCTS_DIR)/Truth or Dare.app/Truth or Dare";
			};
			name = Release;
		};
		0C06994E1EE4862600AF3B11 /* Debug */ = {
			isa = XCBuildConfiguration;
			buildSettings = {
				ALWAYS_EMBED_SWIFT_STANDARD_LIBRARIES = YES;
				DEVELOPMENT_TEAM = 62852B3Q95;
				INFOPLIST_FILE = "Truth or DareUITests/Info.plist";
				LD_RUNPATH_SEARCH_PATHS = "$(inherited) @executable_path/Frameworks @loader_path/Frameworks";
				PRODUCT_BUNDLE_IDENTIFIER = "tcgames.Truth-or-DareUITests";
				PRODUCT_NAME = "$(TARGET_NAME)";
				SWIFT_VERSION = 3.0;
				TEST_TARGET_NAME = "Truth or Dare";
			};
			name = Debug;
		};
		0C06994F1EE4862600AF3B11 /* Release */ = {
			isa = XCBuildConfiguration;
			buildSettings = {
				ALWAYS_EMBED_SWIFT_STANDARD_LIBRARIES = YES;
				DEVELOPMENT_TEAM = 62852B3Q95;
				INFOPLIST_FILE = "Truth or DareUITests/Info.plist";
				LD_RUNPATH_SEARCH_PATHS = "$(inherited) @executable_path/Frameworks @loader_path/Frameworks";
				PRODUCT_BUNDLE_IDENTIFIER = "tcgames.Truth-or-DareUITests";
				PRODUCT_NAME = "$(TARGET_NAME)";
				SWIFT_VERSION = 3.0;
				TEST_TARGET_NAME = "Truth or Dare";
			};
			name = Release;
		};
/* End XCBuildConfiguration section */

/* Begin XCConfigurationList section */
		0C06991A1EE4862500AF3B11 /* Build configuration list for PBXProject "Truth or Dare" */ = {
			isa = XCConfigurationList;
			buildConfigurations = (
				0C0699451EE4862600AF3B11 /* Debug */,
				0C0699461EE4862600AF3B11 /* Release */,
			);
			defaultConfigurationIsVisible = 0;
			defaultConfigurationName = Release;
		};
		0C0699471EE4862600AF3B11 /* Build configuration list for PBXNativeTarget "Truth or Dare" */ = {
			isa = XCConfigurationList;
			buildConfigurations = (
				0C0699481EE4862600AF3B11 /* Debug */,
				0C0699491EE4862600AF3B11 /* Release */,
			);
			defaultConfigurationIsVisible = 0;
			defaultConfigurationName = Release;
		};
		0C06994A1EE4862600AF3B11 /* Build configuration list for PBXNativeTarget "Truth or DareTests" */ = {
			isa = XCConfigurationList;
			buildConfigurations = (
				0C06994B1EE4862600AF3B11 /* Debug */,
				0C06994C1EE4862600AF3B11 /* Release */,
			);
			defaultConfigurationIsVisible = 0;
			defaultConfigurationName = Release;
		};
		0C06994D1EE4862600AF3B11 /* Build configuration list for PBXNativeTarget "Truth or DareUITests" */ = {
			isa = XCConfigurationList;
			buildConfigurations = (
				0C06994E1EE4862600AF3B11 /* Debug */,
				0C06994F1EE4862600AF3B11 /* Release */,
			);
			defaultConfigurationIsVisible = 0;
			defaultConfigurationName = Release;
		};
/* End XCConfigurationList section */
	};
	rootObject = 0C0699171EE4862500AF3B11 /* Project object */;
}
